
Microsoft Visual Studio Solution File, Format Version 12.00
# Visual Studio Version 17
VisualStudioVersion = 17.7.34024.191
MinimumVisualStudioVersion = 10.0.40219.1
Project("{FAE04EC0-301F-11D3-BF4B-00C04F79EFBC}") = "https5112assign1", "https5112assign1\https5112assign1.csproj", "{8F340F42-FD8B-4ABB-AED3-B1B4F6973591}"
EndProject
Global
	GlobalSection(SolutionConfigurationPlatforms) = preSolution
		Debug|Any CPU = Debug|Any CPU
		Release|Any CPU = Release|Any CPU
	EndGlobalSection
	GlobalSection(ProjectConfigurationPlatforms) = postSolution
		{8F340F42-FD8B-4ABB-AED3-B1B4F6973591}.Debug|Any CPU.ActiveCfg = Debug|Any CPU
		{8F340F42-FD8B-4ABB-AED3-B1B4F6973591}.Debug|Any CPU.Build.0 = Debug|Any CPU
		{8F340F42-FD8B-4ABB-AED3-B1B4F6973591}.Release|Any CPU.ActiveCfg = Release|Any CPU
		{8F340F42-FD8B-4ABB-AED3-B1B4F6973591}.Release|Any CPU.Build.0 = Release|Any CPU
	EndGlobalSection
	GlobalSection(SolutionProperties) = preSolution
		HideSolutionNode = FALSE
	EndGlobalSection
	GlobalSection(ExtensibilityGlobals) = postSolution
		SolutionGuid = {62B54227-180C-4C2F-9AE7-B79A34B2343E}
	EndGlobalSection
EndGlobal
